
Microsoft Visual Studio Solution File, Format Version 12.00
# Visual Studio 2013
VisualStudioVersion = 12.0.31101.0
MinimumVisualStudioVersion = 10.0.40219.1
Project("{FAE04EC0-301F-11D3-BF4B-00C04F79EFBC}") = "CRMWinApp", "CRMWinApp\CRMWinApp.csproj", "{76FF780F-0879-453D-ACAD-0BCD172F5188}"
EndProject
Project("{2150E333-8FDC-42A3-9474-1A3956D46DE8}") = "Solution Items", "Solution Items", "{5E631D16-CE23-4DDC-897E-49BCCB8E3161}"
	ProjectSection(SolutionItems) = preProject
		Performance1.psess = Performance1.psess
		Performance2.psess = Performance2.psess
	EndProjectSection
EndProject
Project("{FAE04EC0-301F-11D3-BF4B-00C04F79EFBC}") = "CRMWinUnitTest", "CRMWinUnitTest\CRMWinUnitTest.csproj", "{E417FA30-AE67-4AF1-87C1-5F432FD19D98}"
EndProject
Project("{F088123C-0E9E-452A-89E6-6BA2F21D5CAC}") = "ModelingProject1", "ModelingProject1\ModelingProject1.modelproj", "{8E908731-B47C-4FD5-8B06-59FA7ACD76B0}"
EndProject
Global
	GlobalSection(SolutionConfigurationPlatforms) = preSolution
		Debug|Any CPU = Debug|Any CPU
		Release|Any CPU = Release|Any CPU
	EndGlobalSection
	GlobalSection(ProjectConfigurationPlatforms) = postSolution
		{76FF780F-0879-453D-ACAD-0BCD172F5188}.Debug|Any CPU.ActiveCfg = Debug|Any CPU
		{76FF780F-0879-453D-ACAD-0BCD172F5188}.Debug|Any CPU.Build.0 = Debug|Any CPU
		{76FF780F-0879-453D-ACAD-0BCD172F5188}.Release|Any CPU.ActiveCfg = Release|Any CPU
		{76FF780F-0879-453D-ACAD-0BCD172F5188}.Release|Any CPU.Build.0 = Release|Any CPU
		{E417FA30-AE67-4AF1-87C1-5F432FD19D98}.Debug|Any CPU.ActiveCfg = Debug|Any CPU
		{E417FA30-AE67-4AF1-87C1-5F432FD19D98}.Debug|Any CPU.Build.0 = Debug|Any CPU
		{E417FA30-AE67-4AF1-87C1-5F432FD19D98}.Release|Any CPU.ActiveCfg = Release|Any CPU
		{E417FA30-AE67-4AF1-87C1-5F432FD19D98}.Release|Any CPU.Build.0 = Release|Any CPU
		{8E908731-B47C-4FD5-8B06-59FA7ACD76B0}.Debug|Any CPU.ActiveCfg = Debug|Any CPU
		{8E908731-B47C-4FD5-8B06-59FA7ACD76B0}.Debug|Any CPU.Build.0 = Debug|Any CPU
		{8E908731-B47C-4FD5-8B06-59FA7ACD76B0}.Release|Any CPU.ActiveCfg = Release|Any CPU
		{8E908731-B47C-4FD5-8B06-59FA7ACD76B0}.Release|Any CPU.Build.0 = Release|Any CPU
	EndGlobalSection
	GlobalSection(SolutionProperties) = preSolution
		HideSolutionNode = FALSE
	EndGlobalSection
	GlobalSection(Performance) = preSolution
		HasPerformanceSessions = true
	EndGlobalSection
EndGlobal
